// !$*UTF8*$!
{
	archiveVersion = 1;
	classes = {
	};
	objectVersion = 46;
	objects = {

/* Begin PBXBuildFile section */
		1F4D5C7F19D76A60002C40A2 /* StoryboardConstants.m in Sources */ = {isa = PBXBuildFile; fileRef = 1F4D5C7E19D76A60002C40A2 /* StoryboardConstants.m */; };
		1F538D2119D87C4200F03204 /* CHCircleGaugeView+Zentice.m in Sources */ = {isa = PBXBuildFile; fileRef = 1F538CC419D87C4200F03204 /* CHCircleGaugeView+Zentice.m */; };
		1F538D2219D87C4200F03204 /* NSMutableArray+SSAQueueStack.m in Sources */ = {isa = PBXBuildFile; fileRef = 1F538CC719D87C4200F03204 /* NSMutableArray+SSAQueueStack.m */; };
		1F538D2319D87C4200F03204 /* UIColor+WearHackColors.m in Sources */ = {isa = PBXBuildFile; fileRef = 1F538CCA19D87C4200F03204 /* UIColor+WearHackColors.m */; };
		1F538D2419D87C4200F03204 /* UIColor+Zentice.m in Sources */ = {isa = PBXBuildFile; fileRef = 1F538CCC19D87C4200F03204 /* UIColor+Zentice.m */; };
		1F538D2519D87C4200F03204 /* UIImage+Alpha.m in Sources */ = {isa = PBXBuildFile; fileRef = 1F538CCF19D87C4200F03204 /* UIImage+Alpha.m */; };
		1F538D2619D87C4200F03204 /* UIImage+Resize.m in Sources */ = {isa = PBXBuildFile; fileRef = 1F538CD119D87C4200F03204 /* UIImage+Resize.m */; };
		1F538D2719D87C4200F03204 /* UIImage+RoundedCorner.m in Sources */ = {isa = PBXBuildFile; fileRef = 1F538CD319D87C4200F03204 /* UIImage+RoundedCorner.m */; };
		1F538D2819D87C4200F03204 /* UIImageView+Border.m in Sources */ = {isa = PBXBuildFile; fileRef = 1F538CD619D87C4200F03204 /* UIImageView+Border.m */; };
		1F538D2919D87C4200F03204 /* UIStoryboard+WearHacks.m in Sources */ = {isa = PBXBuildFile; fileRef = 1F538CD919D87C4200F03204 /* UIStoryboard+WearHacks.m */; };
		1F538D2A19D87C4200F03204 /* GaugeAppearanceHelper.m in Sources */ = {isa = PBXBuildFile; fileRef = 1F538CDC19D87C4200F03204 /* GaugeAppearanceHelper.m */; };
		1F538D2B19D87C4200F03204 /* WearHacksUtility.m in Sources */ = {isa = PBXBuildFile; fileRef = 1F538CDE19D87C4200F03204 /* WearHacksUtility.m */; };
		1F538D2C19D87C4200F03204 /* MyoManager.m in Sources */ = {isa = PBXBuildFile; fileRef = 1F538CE119D87C4200F03204 /* MyoManager.m */; };
		1F538D2D19D87C4200F03204 /* SSACoordinates.m in Sources */ = {isa = PBXBuildFile; fileRef = 1F538CE519D87C4200F03204 /* SSACoordinates.m */; };
		1F538D2E19D87C4200F03204 /* SSAMyoUtils.m in Sources */ = {isa = PBXBuildFile; fileRef = 1F538CE919D87C4200F03204 /* SSAMyoUtils.m */; };
		1F538D2F19D87C4200F03204 /* UIButtonRounded.m in Sources */ = {isa = PBXBuildFile; fileRef = 1F538CEC19D87C4200F03204 /* UIButtonRounded.m */; };
		1F538D3019D87C4200F03204 /* UIViewRounded.m in Sources */ = {isa = PBXBuildFile; fileRef = 1F538CEE19D87C4200F03204 /* UIViewRounded.m */; };
		1F538D3119D87C4200F03204 /* ConnectingMyoModalViewController.m in Sources */ = {isa = PBXBuildFile; fileRef = 1F538CF219D87C4200F03204 /* ConnectingMyoModalViewController.m */; };
		1F538D3219D87C4200F03204 /* ExerciseDoneOverlayViewController.m in Sources */ = {isa = PBXBuildFile; fileRef = 1F538CF419D87C4200F03204 /* ExerciseDoneOverlayViewController.m */; };
		1F538D3319D87C4200F03204 /* ExerciseViewController.m in Sources */ = {isa = PBXBuildFile; fileRef = 1F538CF619D87C4200F03204 /* ExerciseViewController.m */; };
		1F538D3419D87C4200F03204 /* HomeViewController.m in Sources */ = {isa = PBXBuildFile; fileRef = 1F538CF919D87C4200F03204 /* HomeViewController.m */; };
		1F538D3519D87C4200F03204 /* LoginViewController.m in Sources */ = {isa = PBXBuildFile; fileRef = 1F538CFB19D87C4200F03204 /* LoginViewController.m */; };
		1F538D3619D87C4200F03204 /* SSAChartViewController.m in Sources */ = {isa = PBXBuildFile; fileRef = 1F538CFF19D87C4200F03204 /* SSAChartViewController.m */; };
		1F538D3719D87C4200F03204 /* SSAChartViewController.xib in Resources */ = {isa = PBXBuildFile; fileRef = 1F538D0019D87C4200F03204 /* SSAChartViewController.xib */; };
		1F538D3819D87C4200F03204 /* SSAExerciceViewController.m in Sources */ = {isa = PBXBuildFile; fileRef = 1F538D0319D87C4200F03204 /* SSAExerciceViewController.m */; };
		1F538D3919D87C4200F03204 /* SSAExerciceViewController.xib in Resources */ = {isa = PBXBuildFile; fileRef = 1F538D0419D87C4200F03204 /* SSAExerciceViewController.xib */; };
		1F538D3A19D87C4200F03204 /* SSAHomeViewController.m in Sources */ = {isa = PBXBuildFile; fileRef = 1F538D0719D87C4200F03204 /* SSAHomeViewController.m */; };
		1F538D3B19D87C4200F03204 /* SSAHomeViewController.xib in Resources */ = {isa = PBXBuildFile; fileRef = 1F538D0819D87C4200F03204 /* SSAHomeViewController.xib */; };
		1F538D3C19D87C4200F03204 /* SSAReccordViewController.m in Sources */ = {isa = PBXBuildFile; fileRef = 1F538D0B19D87C4200F03204 /* SSAReccordViewController.m */; };
		1F538D3D19D87C4200F03204 /* SSAReccordViewController.xib in Resources */ = {isa = PBXBuildFile; fileRef = 1F538D0C19D87C4200F03204 /* SSAReccordViewController.xib */; };
		1F538D3E19D87C4200F03204 /* SSAResultViewController.m in Sources */ = {isa = PBXBuildFile; fileRef = 1F538D0F19D87C4200F03204 /* SSAResultViewController.m */; };
		1F538D3F19D87C4200F03204 /* SSAStartViewController.m in Sources */ = {isa = PBXBuildFile; fileRef = 1F538D1219D87C4200F03204 /* SSAStartViewController.m */; };
		1F538D4019D87C4200F03204 /* SSAStartViewController.xib in Resources */ = {isa = PBXBuildFile; fileRef = 1F538D1319D87C4200F03204 /* SSAStartViewController.xib */; };
		1F538D4119D87C4200F03204 /* ProfileViewController.m in Sources */ = {isa = PBXBuildFile; fileRef = 1F538D1619D87C4200F03204 /* ProfileViewController.m */; };
		1F538D4219D87C4200F03204 /* RehabViewController.m in Sources */ = {isa = PBXBuildFile; fileRef = 1F538D1919D87C4200F03204 /* RehabViewController.m */; };
		1F538D4319D87C4200F03204 /* DayDetailTableViewController.m in Sources */ = {isa = PBXBuildFile; fileRef = 1F538D1C19D87C4200F03204 /* DayDetailTableViewController.m */; };
		1F538D4419D87C4200F03204 /* ExerciseDetailViewController.m in Sources */ = {isa = PBXBuildFile; fileRef = 1F538D1E19D87C4200F03204 /* ExerciseDetailViewController.m */; };
		1F538D4519D87C4200F03204 /* ScheduleTableViewController.m in Sources */ = {isa = PBXBuildFile; fileRef = 1F538D2019D87C4200F03204 /* ScheduleTableViewController.m */; };
		1F5C137219D72B1F00746670 /* main.m in Sources */ = {isa = PBXBuildFile; fileRef = 1F5C137119D72B1F00746670 /* main.m */; };
		1F5C137819D72B1F00746670 /* Wearhacks.xcdatamodeld in Sources */ = {isa = PBXBuildFile; fileRef = 1F5C137619D72B1F00746670 /* Wearhacks.xcdatamodeld */; };
		1F5C138019D72B1F00746670 /* Images.xcassets in Resources */ = {isa = PBXBuildFile; fileRef = 1F5C137F19D72B1F00746670 /* Images.xcassets */; };
		1F5C138F19D72B1F00746670 /* WearhacksTests.m in Sources */ = {isa = PBXBuildFile; fileRef = 1F5C138E19D72B1F00746670 /* WearhacksTests.m */; };
		1F8FBA1619D76C07001531C2 /* Constants.m in Sources */ = {isa = PBXBuildFile; fileRef = 1F8FBA1519D76C07001531C2 /* Constants.m */; };
		1F8FBA1919D76C18001531C2 /* AppDelegate.m in Sources */ = {isa = PBXBuildFile; fileRef = 1F8FBA1819D76C18001531C2 /* AppDelegate.m */; };
		1FC0EE8819D87A5800114DEA /* MyoKit.framework in Frameworks */ = {isa = PBXBuildFile; fileRef = 1FC0EE8719D87A5800114DEA /* MyoKit.framework */; };
		1FC0EE9419D87B5300114DEA /* Exercice.storyboard in Resources */ = {isa = PBXBuildFile; fileRef = 1FC0EE8A19D87B5300114DEA /* Exercice.storyboard */; };
		1FC0EE9519D87B5300114DEA /* LaunchScreen.xib in Resources */ = {isa = PBXBuildFile; fileRef = 1FC0EE8C19D87B5300114DEA /* LaunchScreen.xib */; };
		1FC0EE9619D87B5300114DEA /* Main.storyboard in Resources */ = {isa = PBXBuildFile; fileRef = 1FC0EE8E19D87B5300114DEA /* Main.storyboard */; };
		1FC0EE9719D87B5300114DEA /* Rehab.storyboard in Resources */ = {isa = PBXBuildFile; fileRef = 1FC0EE9019D87B5300114DEA /* Rehab.storyboard */; };
		1FC0EE9819D87B5300114DEA /* Schedule.storyboard in Resources */ = {isa = PBXBuildFile; fileRef = 1FC0EE9219D87B5300114DEA /* Schedule.storyboard */; };
		B3DC4617C0CE8B01A21BDFEB /* libPods.a in Frameworks */ = {isa = PBXBuildFile; fileRef = 5EE751E578293B9110274168 /* libPods.a */; };
/* End PBXBuildFile section */

/* Begin PBXContainerItemProxy section */
		1F5C138919D72B1F00746670 /* PBXContainerItemProxy */ = {
			isa = PBXContainerItemProxy;
			containerPortal = 1F5C136419D72B1E00746670 /* Project object */;
			proxyType = 1;
			remoteGlobalIDString = 1F5C136B19D72B1E00746670;
			remoteInfo = Wearhacks;
		};
/* End PBXContainerItemProxy section */

/* Begin PBXFileReference section */
		0C2D6A8956D61BB8A0C29720 /* Pods.release.xcconfig */ = {isa = PBXFileReference; includeInIndex = 1; lastKnownFileType = text.xcconfig; name = Pods.release.xcconfig; path = "Pods/Target Support Files/Pods/Pods.release.xcconfig"; sourceTree = "<group>"; };
		1F4D5C7D19D76A60002C40A2 /* StoryboardConstants.h */ = {isa = PBXFileReference; fileEncoding = 4; lastKnownFileType = sourcecode.c.h; path = StoryboardConstants.h; sourceTree = "<group>"; };
		1F4D5C7E19D76A60002C40A2 /* StoryboardConstants.m */ = {isa = PBXFileReference; fileEncoding = 4; lastKnownFileType = sourcecode.c.objc; path = StoryboardConstants.m; sourceTree = "<group>"; };
		1F538CC319D87C4200F03204 /* CHCircleGaugeView+Zentice.h */ = {isa = PBXFileReference; fileEncoding = 4; lastKnownFileType = sourcecode.c.h; path = "CHCircleGaugeView+Zentice.h"; sourceTree = "<group>"; };
		1F538CC419D87C4200F03204 /* CHCircleGaugeView+Zentice.m */ = {isa = PBXFileReference; fileEncoding = 4; lastKnownFileType = sourcecode.c.objc; path = "CHCircleGaugeView+Zentice.m"; sourceTree = "<group>"; };
		1F538CC619D87C4200F03204 /* NSMutableArray+SSAQueueStack.h */ = {isa = PBXFileReference; fileEncoding = 4; lastKnownFileType = sourcecode.c.h; path = "NSMutableArray+SSAQueueStack.h"; sourceTree = "<group>"; };
		1F538CC719D87C4200F03204 /* NSMutableArray+SSAQueueStack.m */ = {isa = PBXFileReference; fileEncoding = 4; lastKnownFileType = sourcecode.c.objc; path = "NSMutableArray+SSAQueueStack.m"; sourceTree = "<group>"; };
		1F538CC919D87C4200F03204 /* UIColor+WearHackColors.h */ = {isa = PBXFileReference; fileEncoding = 4; lastKnownFileType = sourcecode.c.h; path = "UIColor+WearHackColors.h"; sourceTree = "<group>"; };
		1F538CCA19D87C4200F03204 /* UIColor+WearHackColors.m */ = {isa = PBXFileReference; fileEncoding = 4; lastKnownFileType = sourcecode.c.objc; path = "UIColor+WearHackColors.m"; sourceTree = "<group>"; };
		1F538CCB19D87C4200F03204 /* UIColor+Zentice.h */ = {isa = PBXFileReference; fileEncoding = 4; lastKnownFileType = sourcecode.c.h; path = "UIColor+Zentice.h"; sourceTree = "<group>"; };
		1F538CCC19D87C4200F03204 /* UIColor+Zentice.m */ = {isa = PBXFileReference; fileEncoding = 4; lastKnownFileType = sourcecode.c.objc; path = "UIColor+Zentice.m"; sourceTree = "<group>"; };
		1F538CCE19D87C4200F03204 /* UIImage+Alpha.h */ = {isa = PBXFileReference; fileEncoding = 4; lastKnownFileType = sourcecode.c.h; path = "UIImage+Alpha.h"; sourceTree = "<group>"; };
		1F538CCF19D87C4200F03204 /* UIImage+Alpha.m */ = {isa = PBXFileReference; fileEncoding = 4; lastKnownFileType = sourcecode.c.objc; path = "UIImage+Alpha.m"; sourceTree = "<group>"; };
		1F538CD019D87C4200F03204 /* UIImage+Resize.h */ = {isa = PBXFileReference; fileEncoding = 4; lastKnownFileType = sourcecode.c.h; path = "UIImage+Resize.h"; sourceTree = "<group>"; };
		1F538CD119D87C4200F03204 /* UIImage+Resize.m */ = {isa = PBXFileReference; fileEncoding = 4; lastKnownFileType = sourcecode.c.objc; path = "UIImage+Resize.m"; sourceTree = "<group>"; };
		1F538CD219D87C4200F03204 /* UIImage+RoundedCorner.h */ = {isa = PBXFileReference; fileEncoding = 4; lastKnownFileType = sourcecode.c.h; path = "UIImage+RoundedCorner.h"; sourceTree = "<group>"; };
		1F538CD319D87C4200F03204 /* UIImage+RoundedCorner.m */ = {isa = PBXFileReference; fileEncoding = 4; lastKnownFileType = sourcecode.c.objc; path = "UIImage+RoundedCorner.m"; sourceTree = "<group>"; };
		1F538CD519D87C4200F03204 /* UIImageView+Border.h */ = {isa = PBXFileReference; fileEncoding = 4; lastKnownFileType = sourcecode.c.h; path = "UIImageView+Border.h"; sourceTree = "<group>"; };
		1F538CD619D87C4200F03204 /* UIImageView+Border.m */ = {isa = PBXFileReference; fileEncoding = 4; lastKnownFileType = sourcecode.c.objc; path = "UIImageView+Border.m"; sourceTree = "<group>"; };
		1F538CD819D87C4200F03204 /* UIStoryboard+WearHacks.h */ = {isa = PBXFileReference; fileEncoding = 4; lastKnownFileType = sourcecode.c.h; path = "UIStoryboard+WearHacks.h"; sourceTree = "<group>"; };
		1F538CD919D87C4200F03204 /* UIStoryboard+WearHacks.m */ = {isa = PBXFileReference; fileEncoding = 4; lastKnownFileType = sourcecode.c.objc; path = "UIStoryboard+WearHacks.m"; sourceTree = "<group>"; };
		1F538CDB19D87C4200F03204 /* GaugeAppearanceHelper.h */ = {isa = PBXFileReference; fileEncoding = 4; lastKnownFileType = sourcecode.c.h; path = GaugeAppearanceHelper.h; sourceTree = "<group>"; };
		1F538CDC19D87C4200F03204 /* GaugeAppearanceHelper.m */ = {isa = PBXFileReference; fileEncoding = 4; lastKnownFileType = sourcecode.c.objc; path = GaugeAppearanceHelper.m; sourceTree = "<group>"; };
		1F538CDD19D87C4200F03204 /* WearHacksUtility.h */ = {isa = PBXFileReference; fileEncoding = 4; lastKnownFileType = sourcecode.c.h; path = WearHacksUtility.h; sourceTree = "<group>"; };
		1F538CDE19D87C4200F03204 /* WearHacksUtility.m */ = {isa = PBXFileReference; fileEncoding = 4; lastKnownFileType = sourcecode.c.objc; path = WearHacksUtility.m; sourceTree = "<group>"; };
		1F538CE019D87C4200F03204 /* MyoManager.h */ = {isa = PBXFileReference; fileEncoding = 4; lastKnownFileType = sourcecode.c.h; path = MyoManager.h; sourceTree = "<group>"; };
		1F538CE119D87C4200F03204 /* MyoManager.m */ = {isa = PBXFileReference; fileEncoding = 4; lastKnownFileType = sourcecode.c.objc; path = MyoManager.m; sourceTree = "<group>"; };
		1F538CE419D87C4200F03204 /* SSACoordinates.h */ = {isa = PBXFileReference; fileEncoding = 4; lastKnownFileType = sourcecode.c.h; path = SSACoordinates.h; sourceTree = "<group>"; };
		1F538CE519D87C4200F03204 /* SSACoordinates.m */ = {isa = PBXFileReference; fileEncoding = 4; lastKnownFileType = sourcecode.c.objc; path = SSACoordinates.m; sourceTree = "<group>"; };
		1F538CE819D87C4200F03204 /* SSAMyoUtils.h */ = {isa = PBXFileReference; fileEncoding = 4; lastKnownFileType = sourcecode.c.h; path = SSAMyoUtils.h; sourceTree = "<group>"; };
		1F538CE919D87C4200F03204 /* SSAMyoUtils.m */ = {isa = PBXFileReference; fileEncoding = 4; lastKnownFileType = sourcecode.c.objc; path = SSAMyoUtils.m; sourceTree = "<group>"; };
		1F538CEB19D87C4200F03204 /* UIButtonRounded.h */ = {isa = PBXFileReference; fileEncoding = 4; lastKnownFileType = sourcecode.c.h; path = UIButtonRounded.h; sourceTree = "<group>"; };
		1F538CEC19D87C4200F03204 /* UIButtonRounded.m */ = {isa = PBXFileReference; fileEncoding = 4; lastKnownFileType = sourcecode.c.objc; path = UIButtonRounded.m; sourceTree = "<group>"; };
		1F538CED19D87C4200F03204 /* UIViewRounded.h */ = {isa = PBXFileReference; fileEncoding = 4; lastKnownFileType = sourcecode.c.h; path = UIViewRounded.h; sourceTree = "<group>"; };
		1F538CEE19D87C4200F03204 /* UIViewRounded.m */ = {isa = PBXFileReference; fileEncoding = 4; lastKnownFileType = sourcecode.c.objc; path = UIViewRounded.m; sourceTree = "<group>"; };
		1F538CF119D87C4200F03204 /* ConnectingMyoModalViewController.h */ = {isa = PBXFileReference; fileEncoding = 4; lastKnownFileType = sourcecode.c.h; path = ConnectingMyoModalViewController.h; sourceTree = "<group>"; };
		1F538CF219D87C4200F03204 /* ConnectingMyoModalViewController.m */ = {isa = PBXFileReference; fileEncoding = 4; lastKnownFileType = sourcecode.c.objc; path = ConnectingMyoModalViewController.m; sourceTree = "<group>"; };
		1F538CF319D87C4200F03204 /* ExerciseDoneOverlayViewController.h */ = {isa = PBXFileReference; fileEncoding = 4; lastKnownFileType = sourcecode.c.h; path = ExerciseDoneOverlayViewController.h; sourceTree = "<group>"; };
		1F538CF419D87C4200F03204 /* ExerciseDoneOverlayViewController.m */ = {isa = PBXFileReference; fileEncoding = 4; lastKnownFileType = sourcecode.c.objc; path = ExerciseDoneOverlayViewController.m; sourceTree = "<group>"; };
		1F538CF519D87C4200F03204 /* ExerciseViewController.h */ = {isa = PBXFileReference; fileEncoding = 4; lastKnownFileType = sourcecode.c.h; path = ExerciseViewController.h; sourceTree = "<group>"; };
		1F538CF619D87C4200F03204 /* ExerciseViewController.m */ = {isa = PBXFileReference; fileEncoding = 4; lastKnownFileType = sourcecode.c.objc; path = ExerciseViewController.m; sourceTree = "<group>"; };
		1F538CF819D87C4200F03204 /* HomeViewController.h */ = {isa = PBXFileReference; fileEncoding = 4; lastKnownFileType = sourcecode.c.h; path = HomeViewController.h; sourceTree = "<group>"; };
		1F538CF919D87C4200F03204 /* HomeViewController.m */ = {isa = PBXFileReference; fileEncoding = 4; lastKnownFileType = sourcecode.c.objc; path = HomeViewController.m; sourceTree = "<group>"; };
		1F538CFA19D87C4200F03204 /* LoginViewController.h */ = {isa = PBXFileReference; fileEncoding = 4; lastKnownFileType = sourcecode.c.h; path = LoginViewController.h; sourceTree = "<group>"; };
		1F538CFB19D87C4200F03204 /* LoginViewController.m */ = {isa = PBXFileReference; fileEncoding = 4; lastKnownFileType = sourcecode.c.objc; path = LoginViewController.m; sourceTree = "<group>"; };
		1F538CFE19D87C4200F03204 /* SSAChartViewController.h */ = {isa = PBXFileReference; fileEncoding = 4; lastKnownFileType = sourcecode.c.h; path = SSAChartViewController.h; sourceTree = "<group>"; };
		1F538CFF19D87C4200F03204 /* SSAChartViewController.m */ = {isa = PBXFileReference; fileEncoding = 4; lastKnownFileType = sourcecode.c.objc; path = SSAChartViewController.m; sourceTree = "<group>"; };
		1F538D0019D87C4200F03204 /* SSAChartViewController.xib */ = {isa = PBXFileReference; fileEncoding = 4; lastKnownFileType = file.xib; path = SSAChartViewController.xib; sourceTree = "<group>"; };
		1F538D0219D87C4200F03204 /* SSAExerciceViewController.h */ = {isa = PBXFileReference; fileEncoding = 4; lastKnownFileType = sourcecode.c.h; path = SSAExerciceViewController.h; sourceTree = "<group>"; };
		1F538D0319D87C4200F03204 /* SSAExerciceViewController.m */ = {isa = PBXFileReference; fileEncoding = 4; lastKnownFileType = sourcecode.c.objc; path = SSAExerciceViewController.m; sourceTree = "<group>"; };
		1F538D0419D87C4200F03204 /* SSAExerciceViewController.xib */ = {isa = PBXFileReference; fileEncoding = 4; lastKnownFileType = file.xib; path = SSAExerciceViewController.xib; sourceTree = "<group>"; };
		1F538D0619D87C4200F03204 /* SSAHomeViewController.h */ = {isa = PBXFileReference; fileEncoding = 4; lastKnownFileType = sourcecode.c.h; path = SSAHomeViewController.h; sourceTree = "<group>"; };
		1F538D0719D87C4200F03204 /* SSAHomeViewController.m */ = {isa = PBXFileReference; fileEncoding = 4; lastKnownFileType = sourcecode.c.objc; path = SSAHomeViewController.m; sourceTree = "<group>"; };
		1F538D0819D87C4200F03204 /* SSAHomeViewController.xib */ = {isa = PBXFileReference; fileEncoding = 4; lastKnownFileType = file.xib; path = SSAHomeViewController.xib; sourceTree = "<group>"; };
		1F538D0A19D87C4200F03204 /* SSAReccordViewController.h */ = {isa = PBXFileReference; fileEncoding = 4; lastKnownFileType = sourcecode.c.h; path = SSAReccordViewController.h; sourceTree = "<group>"; };
		1F538D0B19D87C4200F03204 /* SSAReccordViewController.m */ = {isa = PBXFileReference; fileEncoding = 4; lastKnownFileType = sourcecode.c.objc; path = SSAReccordViewController.m; sourceTree = "<group>"; };
		1F538D0C19D87C4200F03204 /* SSAReccordViewController.xib */ = {isa = PBXFileReference; fileEncoding = 4; lastKnownFileType = file.xib; path = SSAReccordViewController.xib; sourceTree = "<group>"; };
		1F538D0E19D87C4200F03204 /* SSAResultViewController.h */ = {isa = PBXFileReference; fileEncoding = 4; lastKnownFileType = sourcecode.c.h; path = SSAResultViewController.h; sourceTree = "<group>"; };
		1F538D0F19D87C4200F03204 /* SSAResultViewController.m */ = {isa = PBXFileReference; fileEncoding = 4; lastKnownFileType = sourcecode.c.objc; path = SSAResultViewController.m; sourceTree = "<group>"; };
		1F538D1119D87C4200F03204 /* SSAStartViewController.h */ = {isa = PBXFileReference; fileEncoding = 4; lastKnownFileType = sourcecode.c.h; path = SSAStartViewController.h; sourceTree = "<group>"; };
		1F538D1219D87C4200F03204 /* SSAStartViewController.m */ = {isa = PBXFileReference; fileEncoding = 4; lastKnownFileType = sourcecode.c.objc; path = SSAStartViewController.m; sourceTree = "<group>"; };
		1F538D1319D87C4200F03204 /* SSAStartViewController.xib */ = {isa = PBXFileReference; fileEncoding = 4; lastKnownFileType = file.xib; path = SSAStartViewController.xib; sourceTree = "<group>"; };
		1F538D1519D87C4200F03204 /* ProfileViewController.h */ = {isa = PBXFileReference; fileEncoding = 4; lastKnownFileType = sourcecode.c.h; path = ProfileViewController.h; sourceTree = "<group>"; };
		1F538D1619D87C4200F03204 /* ProfileViewController.m */ = {isa = PBXFileReference; fileEncoding = 4; lastKnownFileType = sourcecode.c.objc; path = ProfileViewController.m; sourceTree = "<group>"; };
		1F538D1819D87C4200F03204 /* RehabViewController.h */ = {isa = PBXFileReference; fileEncoding = 4; lastKnownFileType = sourcecode.c.h; path = RehabViewController.h; sourceTree = "<group>"; };
		1F538D1919D87C4200F03204 /* RehabViewController.m */ = {isa = PBXFileReference; fileEncoding = 4; lastKnownFileType = sourcecode.c.objc; path = RehabViewController.m; sourceTree = "<group>"; };
		1F538D1B19D87C4200F03204 /* DayDetailTableViewController.h */ = {isa = PBXFileReference; fileEncoding = 4; lastKnownFileType = sourcecode.c.h; path = DayDetailTableViewController.h; sourceTree = "<group>"; };
		1F538D1C19D87C4200F03204 /* DayDetailTableViewController.m */ = {isa = PBXFileReference; fileEncoding = 4; lastKnownFileType = sourcecode.c.objc; path = DayDetailTableViewController.m; sourceTree = "<group>"; };
		1F538D1D19D87C4200F03204 /* ExerciseDetailViewController.h */ = {isa = PBXFileReference; fileEncoding = 4; lastKnownFileType = sourcecode.c.h; path = ExerciseDetailViewController.h; sourceTree = "<group>"; };
		1F538D1E19D87C4200F03204 /* ExerciseDetailViewController.m */ = {isa = PBXFileReference; fileEncoding = 4; lastKnownFileType = sourcecode.c.objc; path = ExerciseDetailViewController.m; sourceTree = "<group>"; };
		1F538D1F19D87C4200F03204 /* ScheduleTableViewController.h */ = {isa = PBXFileReference; fileEncoding = 4; lastKnownFileType = sourcecode.c.h; path = ScheduleTableViewController.h; sourceTree = "<group>"; };
		1F538D2019D87C4200F03204 /* ScheduleTableViewController.m */ = {isa = PBXFileReference; fileEncoding = 4; lastKnownFileType = sourcecode.c.objc; path = ScheduleTableViewController.m; sourceTree = "<group>"; };
		1F5C136C19D72B1E00746670 /* Wearhacks.app */ = {isa = PBXFileReference; explicitFileType = wrapper.application; includeInIndex = 0; path = Wearhacks.app; sourceTree = BUILT_PRODUCTS_DIR; };
		1F5C137019D72B1E00746670 /* Info.plist */ = {isa = PBXFileReference; lastKnownFileType = text.plist.xml; path = Info.plist; sourceTree = "<group>"; };
		1F5C137119D72B1F00746670 /* main.m */ = {isa = PBXFileReference; lastKnownFileType = sourcecode.c.objc; path = main.m; sourceTree = "<group>"; };
		1F5C137719D72B1F00746670 /* Wearhacks.xcdatamodel */ = {isa = PBXFileReference; lastKnownFileType = wrapper.xcdatamodel; path = Wearhacks.xcdatamodel; sourceTree = "<group>"; };
		1F5C137F19D72B1F00746670 /* Images.xcassets */ = {isa = PBXFileReference; lastKnownFileType = folder.assetcatalog; path = Images.xcassets; sourceTree = "<group>"; };
		1F5C138819D72B1F00746670 /* WearhacksTests.xctest */ = {isa = PBXFileReference; explicitFileType = wrapper.cfbundle; includeInIndex = 0; path = WearhacksTests.xctest; sourceTree = BUILT_PRODUCTS_DIR; };
		1F5C138D19D72B1F00746670 /* Info.plist */ = {isa = PBXFileReference; lastKnownFileType = text.plist.xml; path = Info.plist; sourceTree = "<group>"; };
		1F5C138E19D72B1F00746670 /* WearhacksTests.m */ = {isa = PBXFileReference; lastKnownFileType = sourcecode.c.objc; path = WearhacksTests.m; sourceTree = "<group>"; };
		1F8FBA1419D76C07001531C2 /* Constants.h */ = {isa = PBXFileReference; fileEncoding = 4; lastKnownFileType = sourcecode.c.h; path = Constants.h; sourceTree = "<group>"; };
		1F8FBA1519D76C07001531C2 /* Constants.m */ = {isa = PBXFileReference; fileEncoding = 4; lastKnownFileType = sourcecode.c.objc; path = Constants.m; sourceTree = "<group>"; };
		1F8FBA1719D76C18001531C2 /* AppDelegate.h */ = {isa = PBXFileReference; fileEncoding = 4; lastKnownFileType = sourcecode.c.h; path = AppDelegate.h; sourceTree = "<group>"; };
		1F8FBA1819D76C18001531C2 /* AppDelegate.m */ = {isa = PBXFileReference; fileEncoding = 4; lastKnownFileType = sourcecode.c.objc; path = AppDelegate.m; sourceTree = "<group>"; };
		1FC0EE8719D87A5800114DEA /* MyoKit.framework */ = {isa = PBXFileReference; lastKnownFileType = wrapper.framework; path = MyoKit.framework; sourceTree = "<group>"; };
		1FC0EE8B19D87B5300114DEA /* Base */ = {isa = PBXFileReference; lastKnownFileType = file.storyboard; name = Base; path = Base.lproj/Exercice.storyboard; sourceTree = "<group>"; };
		1FC0EE8D19D87B5300114DEA /* Base */ = {isa = PBXFileReference; lastKnownFileType = file.xib; name = Base; path = Base.lproj/LaunchScreen.xib; sourceTree = "<group>"; };
		1FC0EE8F19D87B5300114DEA /* Base */ = {isa = PBXFileReference; lastKnownFileType = file.storyboard; name = Base; path = Base.lproj/Main.storyboard; sourceTree = "<group>"; };
		1FC0EE9119D87B5300114DEA /* Base */ = {isa = PBXFileReference; lastKnownFileType = file.storyboard; name = Base; path = Base.lproj/Rehab.storyboard; sourceTree = "<group>"; };
		1FC0EE9319D87B5300114DEA /* Base */ = {isa = PBXFileReference; lastKnownFileType = file.storyboard; name = Base; path = Base.lproj/Schedule.storyboard; sourceTree = "<group>"; };
		5EE751E578293B9110274168 /* libPods.a */ = {isa = PBXFileReference; explicitFileType = archive.ar; includeInIndex = 0; path = libPods.a; sourceTree = BUILT_PRODUCTS_DIR; };
		D26EF49619D75E6200046EBB /* WearHacks-Prefix.pch */ = {isa = PBXFileReference; lastKnownFileType = sourcecode.c.h; path = "WearHacks-Prefix.pch"; sourceTree = "<group>"; };
		D26EF4B419D86B6600046EBB /* AvenirNextCondensed.ttc */ = {isa = PBXFileReference; lastKnownFileType = file; path = AvenirNextCondensed.ttc; sourceTree = "<group>"; };
		DBC9213B26E4B0D8EA85374C /* Pods.debug.xcconfig */ = {isa = PBXFileReference; includeInIndex = 1; lastKnownFileType = text.xcconfig; name = Pods.debug.xcconfig; path = "Pods/Target Support Files/Pods/Pods.debug.xcconfig"; sourceTree = "<group>"; };
/* End PBXFileReference section */

/* Begin PBXFrameworksBuildPhase section */
		1F5C136919D72B1E00746670 /* Frameworks */ = {
			isa = PBXFrameworksBuildPhase;
			buildActionMask = 2147483647;
			files = (
				B3DC4617C0CE8B01A21BDFEB /* libPods.a in Frameworks */,
				1FC0EE8819D87A5800114DEA /* MyoKit.framework in Frameworks */,
			);
			runOnlyForDeploymentPostprocessing = 0;
		};
		1F5C138519D72B1F00746670 /* Frameworks */ = {
			isa = PBXFrameworksBuildPhase;
			buildActionMask = 2147483647;
			files = (
			);
			runOnlyForDeploymentPostprocessing = 0;
		};
/* End PBXFrameworksBuildPhase section */

/* Begin PBXGroup section */
		130B87A648FC60A312BA1624 /* Frameworks */ = {
			isa = PBXGroup;
			children = (
				5EE751E578293B9110274168 /* libPods.a */,
			);
			name = Frameworks;
			sourceTree = "<group>";
		};
		1F538CC219D87C4200F03204 /* Categories */ = {
			isa = PBXGroup;
			children = (
				1F538CC319D87C4200F03204 /* CHCircleGaugeView+Zentice.h */,
				1F538CC419D87C4200F03204 /* CHCircleGaugeView+Zentice.m */,
				1F538CC519D87C4200F03204 /* QueueStack */,
				1F538CC819D87C4200F03204 /* UIColor */,
				1F538CCB19D87C4200F03204 /* UIColor+Zentice.h */,
				1F538CCC19D87C4200F03204 /* UIColor+Zentice.m */,
				1F538CCD19D87C4200F03204 /* UIImage */,
				1F538CD419D87C4200F03204 /* UIImageView */,
				1F538CD719D87C4200F03204 /* UIStoryboard */,
			);
			path = Categories;
			sourceTree = "<group>";
		};
		1F538CC519D87C4200F03204 /* QueueStack */ = {
			isa = PBXGroup;
			children = (
				1F538CC619D87C4200F03204 /* NSMutableArray+SSAQueueStack.h */,
				1F538CC719D87C4200F03204 /* NSMutableArray+SSAQueueStack.m */,
			);
			path = QueueStack;
			sourceTree = "<group>";
		};
		1F538CC819D87C4200F03204 /* UIColor */ = {
			isa = PBXGroup;
			children = (
				1F538CC919D87C4200F03204 /* UIColor+WearHackColors.h */,
				1F538CCA19D87C4200F03204 /* UIColor+WearHackColors.m */,
			);
			path = UIColor;
			sourceTree = "<group>";
		};
		1F538CCD19D87C4200F03204 /* UIImage */ = {
			isa = PBXGroup;
			children = (
				1F538CCE19D87C4200F03204 /* UIImage+Alpha.h */,
				1F538CCF19D87C4200F03204 /* UIImage+Alpha.m */,
				1F538CD019D87C4200F03204 /* UIImage+Resize.h */,
				1F538CD119D87C4200F03204 /* UIImage+Resize.m */,
				1F538CD219D87C4200F03204 /* UIImage+RoundedCorner.h */,
				1F538CD319D87C4200F03204 /* UIImage+RoundedCorner.m */,
			);
			path = UIImage;
			sourceTree = "<group>";
		};
		1F538CD419D87C4200F03204 /* UIImageView */ = {
			isa = PBXGroup;
			children = (
				1F538CD519D87C4200F03204 /* UIImageView+Border.h */,
				1F538CD619D87C4200F03204 /* UIImageView+Border.m */,
			);
			path = UIImageView;
			sourceTree = "<group>";
		};
		1F538CD719D87C4200F03204 /* UIStoryboard */ = {
			isa = PBXGroup;
			children = (
				1F538CD819D87C4200F03204 /* UIStoryboard+WearHacks.h */,
				1F538CD919D87C4200F03204 /* UIStoryboard+WearHacks.m */,
			);
			path = UIStoryboard;
			sourceTree = "<group>";
		};
		1F538CDA19D87C4200F03204 /* Helper */ = {
			isa = PBXGroup;
			children = (
				1F538CDB19D87C4200F03204 /* GaugeAppearanceHelper.h */,
				1F538CDC19D87C4200F03204 /* GaugeAppearanceHelper.m */,
				1F538CDD19D87C4200F03204 /* WearHacksUtility.h */,
				1F538CDE19D87C4200F03204 /* WearHacksUtility.m */,
			);
			path = Helper;
			sourceTree = "<group>";
		};
		1F538CDF19D87C4200F03204 /* Manager */ = {
			isa = PBXGroup;
			children = (
				1F538CE019D87C4200F03204 /* MyoManager.h */,
				1F538CE119D87C4200F03204 /* MyoManager.m */,
			);
			path = Manager;
			sourceTree = "<group>";
		};
		1F538CE219D87C4200F03204 /* Models */ = {
			isa = PBXGroup;
			children = (
				1F538CE319D87C4200F03204 /* Coordinates */,
			);
			path = Models;
			sourceTree = "<group>";
		};
		1F538CE319D87C4200F03204 /* Coordinates */ = {
			isa = PBXGroup;
			children = (
				1F538CE419D87C4200F03204 /* SSACoordinates.h */,
				1F538CE519D87C4200F03204 /* SSACoordinates.m */,
			);
			path = Coordinates;
			sourceTree = "<group>";
		};
		1F538CE619D87C4200F03204 /* Utils */ = {
			isa = PBXGroup;
			children = (
				1F538CE719D87C4200F03204 /* MyoUtils */,
			);
			path = Utils;
			sourceTree = "<group>";
		};
		1F538CE719D87C4200F03204 /* MyoUtils */ = {
			isa = PBXGroup;
			children = (
				1F538CE819D87C4200F03204 /* SSAMyoUtils.h */,
				1F538CE919D87C4200F03204 /* SSAMyoUtils.m */,
			);
			path = MyoUtils;
			sourceTree = "<group>";
		};
		1F538CEA19D87C4200F03204 /* View */ = {
			isa = PBXGroup;
			children = (
				1F538CEB19D87C4200F03204 /* UIButtonRounded.h */,
				1F538CEC19D87C4200F03204 /* UIButtonRounded.m */,
				1F538CED19D87C4200F03204 /* UIViewRounded.h */,
				1F538CEE19D87C4200F03204 /* UIViewRounded.m */,
			);
			path = View;
			sourceTree = "<group>";
		};
		1F538CEF19D87C4200F03204 /* ViewControllers */ = {
			isa = PBXGroup;
			children = (
				1F538CF019D87C4200F03204 /* Exercice */,
				1F538CF719D87C4200F03204 /* Login */,
				1F538CFC19D87C4200F03204 /* MyoPrototype */,
				1F538D1419D87C4200F03204 /* Profile */,
				1F538D1719D87C4200F03204 /* Rehab */,
				1F538D1A19D87C4200F03204 /* Schedule */,
			);
			path = ViewControllers;
			sourceTree = "<group>";
		};
		1F538CF019D87C4200F03204 /* Exercice */ = {
			isa = PBXGroup;
			children = (
				1F538CF119D87C4200F03204 /* ConnectingMyoModalViewController.h */,
				1F538CF219D87C4200F03204 /* ConnectingMyoModalViewController.m */,
				1F538CF319D87C4200F03204 /* ExerciseDoneOverlayViewController.h */,
				1F538CF419D87C4200F03204 /* ExerciseDoneOverlayViewController.m */,
				1F538CF519D87C4200F03204 /* ExerciseViewController.h */,
				1F538CF619D87C4200F03204 /* ExerciseViewController.m */,
			);
			path = Exercice;
			sourceTree = "<group>";
		};
		1F538CF719D87C4200F03204 /* Login */ = {
			isa = PBXGroup;
			children = (
				1F538CF819D87C4200F03204 /* HomeViewController.h */,
				1F538CF919D87C4200F03204 /* HomeViewController.m */,
				1F538CFA19D87C4200F03204 /* LoginViewController.h */,
				1F538CFB19D87C4200F03204 /* LoginViewController.m */,
			);
			path = Login;
			sourceTree = "<group>";
		};
		1F538CFC19D87C4200F03204 /* MyoPrototype */ = {
			isa = PBXGroup;
			children = (
				1F538CFD19D87C4200F03204 /* ChartVC */,
				1F538D0119D87C4200F03204 /* ExerciceVC */,
				1F538D0519D87C4200F03204 /* HomeVC */,
				1F538D0919D87C4200F03204 /* ReccordVC */,
				1F538D0D19D87C4200F03204 /* ResultVC */,
				1F538D1019D87C4200F03204 /* StartVC */,
			);
			path = MyoPrototype;
			sourceTree = "<group>";
		};
		1F538CFD19D87C4200F03204 /* ChartVC */ = {
			isa = PBXGroup;
			children = (
				1F538CFE19D87C4200F03204 /* SSAChartViewController.h */,
				1F538CFF19D87C4200F03204 /* SSAChartViewController.m */,
				1F538D0019D87C4200F03204 /* SSAChartViewController.xib */,
			);
			path = ChartVC;
			sourceTree = "<group>";
		};
		1F538D0119D87C4200F03204 /* ExerciceVC */ = {
			isa = PBXGroup;
			children = (
				1F538D0219D87C4200F03204 /* SSAExerciceViewController.h */,
				1F538D0319D87C4200F03204 /* SSAExerciceViewController.m */,
				1F538D0419D87C4200F03204 /* SSAExerciceViewController.xib */,
			);
			path = ExerciceVC;
			sourceTree = "<group>";
		};
		1F538D0519D87C4200F03204 /* HomeVC */ = {
			isa = PBXGroup;
			children = (
				1F538D0619D87C4200F03204 /* SSAHomeViewController.h */,
				1F538D0719D87C4200F03204 /* SSAHomeViewController.m */,
				1F538D0819D87C4200F03204 /* SSAHomeViewController.xib */,
			);
			path = HomeVC;
			sourceTree = "<group>";
		};
		1F538D0919D87C4200F03204 /* ReccordVC */ = {
			isa = PBXGroup;
			children = (
				1F538D0A19D87C4200F03204 /* SSAReccordViewController.h */,
				1F538D0B19D87C4200F03204 /* SSAReccordViewController.m */,
				1F538D0C19D87C4200F03204 /* SSAReccordViewController.xib */,
			);
			path = ReccordVC;
			sourceTree = "<group>";
		};
		1F538D0D19D87C4200F03204 /* ResultVC */ = {
			isa = PBXGroup;
			children = (
				1F538D0E19D87C4200F03204 /* SSAResultViewController.h */,
				1F538D0F19D87C4200F03204 /* SSAResultViewController.m */,
			);
			path = ResultVC;
			sourceTree = "<group>";
		};
		1F538D1019D87C4200F03204 /* StartVC */ = {
			isa = PBXGroup;
			children = (
				1F538D1119D87C4200F03204 /* SSAStartViewController.h */,
				1F538D1219D87C4200F03204 /* SSAStartViewController.m */,
				1F538D1319D87C4200F03204 /* SSAStartViewController.xib */,
			);
			path = StartVC;
			sourceTree = "<group>";
		};
		1F538D1419D87C4200F03204 /* Profile */ = {
			isa = PBXGroup;
			children = (
				1F538D1519D87C4200F03204 /* ProfileViewController.h */,
				1F538D1619D87C4200F03204 /* ProfileViewController.m */,
			);
			path = Profile;
			sourceTree = "<group>";
		};
		1F538D1719D87C4200F03204 /* Rehab */ = {
			isa = PBXGroup;
			children = (
				1F538D1819D87C4200F03204 /* RehabViewController.h */,
				1F538D1919D87C4200F03204 /* RehabViewController.m */,
			);
			path = Rehab;
			sourceTree = "<group>";
		};
		1F538D1A19D87C4200F03204 /* Schedule */ = {
			isa = PBXGroup;
			children = (
				1F538D1B19D87C4200F03204 /* DayDetailTableViewController.h */,
				1F538D1C19D87C4200F03204 /* DayDetailTableViewController.m */,
				1F538D1D19D87C4200F03204 /* ExerciseDetailViewController.h */,
				1F538D1E19D87C4200F03204 /* ExerciseDetailViewController.m */,
				1F538D1F19D87C4200F03204 /* ScheduleTableViewController.h */,
				1F538D2019D87C4200F03204 /* ScheduleTableViewController.m */,
			);
			path = Schedule;
			sourceTree = "<group>";
		};
		1F5C136319D72B1E00746670 = {
			isa = PBXGroup;
			children = (
				1FC0EE8719D87A5800114DEA /* MyoKit.framework */,
				1F5C136E19D72B1E00746670 /* Wearhacks */,
				1F5C138B19D72B1F00746670 /* WearhacksTests */,
				1F5C136D19D72B1E00746670 /* Products */,
				40C03BE4BE8E1625557C1AF0 /* Pods */,
				130B87A648FC60A312BA1624 /* Frameworks */,
			);
			sourceTree = "<group>";
		};
		1F5C136D19D72B1E00746670 /* Products */ = {
			isa = PBXGroup;
			children = (
				1F5C136C19D72B1E00746670 /* Wearhacks.app */,
				1F5C138819D72B1F00746670 /* WearhacksTests.xctest */,
			);
			name = Products;
			sourceTree = "<group>";
		};
		1F5C136E19D72B1E00746670 /* Wearhacks */ = {
			isa = PBXGroup;
			children = (
				1F538CC219D87C4200F03204 /* Categories */,
				1F538CDA19D87C4200F03204 /* Helper */,
				1F538CDF19D87C4200F03204 /* Manager */,
				1F538CE219D87C4200F03204 /* Models */,
				1F538CE619D87C4200F03204 /* Utils */,
				1F538CEA19D87C4200F03204 /* View */,
				1F538CEF19D87C4200F03204 /* ViewControllers */,
				1FC0EE8919D87B4B00114DEA /* Storyboards */,
				1F5C137F19D72B1F00746670 /* Images.xcassets */,
				D26EF4B419D86B6600046EBB /* AvenirNextCondensed.ttc */,
				1F5C136F19D72B1E00746670 /* Supporting Files */,
				1F5C137619D72B1F00746670 /* Wearhacks.xcdatamodeld */,
			);
			path = Wearhacks;
			sourceTree = "<group>";
		};
		1F5C136F19D72B1E00746670 /* Supporting Files */ = {
			isa = PBXGroup;
			children = (
				1F8FBA1719D76C18001531C2 /* AppDelegate.h */,
				1F8FBA1819D76C18001531C2 /* AppDelegate.m */,
				1F8FBA1419D76C07001531C2 /* Constants.h */,
				1F8FBA1519D76C07001531C2 /* Constants.m */,
				1F5C137019D72B1E00746670 /* Info.plist */,
				1F4D5C7D19D76A60002C40A2 /* StoryboardConstants.h */,
				1F4D5C7E19D76A60002C40A2 /* StoryboardConstants.m */,
				1F5C137119D72B1F00746670 /* main.m */,
				D26EF49619D75E6200046EBB /* WearHacks-Prefix.pch */,
			);
			name = "Supporting Files";
			sourceTree = "<group>";
		};
		1F5C138B19D72B1F00746670 /* WearhacksTests */ = {
			isa = PBXGroup;
			children = (
				1F5C138E19D72B1F00746670 /* WearhacksTests.m */,
				1F5C138C19D72B1F00746670 /* Supporting Files */,
			);
			path = WearhacksTests;
			sourceTree = "<group>";
		};
		1F5C138C19D72B1F00746670 /* Supporting Files */ = {
			isa = PBXGroup;
			children = (
				1F5C138D19D72B1F00746670 /* Info.plist */,
			);
			name = "Supporting Files";
			sourceTree = "<group>";
		};
		1FC0EE8919D87B4B00114DEA /* Storyboards */ = {
			isa = PBXGroup;
			children = (
				1FC0EE8A19D87B5300114DEA /* Exercice.storyboard */,
				1FC0EE8C19D87B5300114DEA /* LaunchScreen.xib */,
				1FC0EE8E19D87B5300114DEA /* Main.storyboard */,
				1FC0EE9019D87B5300114DEA /* Rehab.storyboard */,
				1FC0EE9219D87B5300114DEA /* Schedule.storyboard */,
			);
			name = Storyboards;
			sourceTree = "<group>";
		};
		40C03BE4BE8E1625557C1AF0 /* Pods */ = {
			isa = PBXGroup;
			children = (
				DBC9213B26E4B0D8EA85374C /* Pods.debug.xcconfig */,
				0C2D6A8956D61BB8A0C29720 /* Pods.release.xcconfig */,
			);
			name = Pods;
			sourceTree = "<group>";
		};
/* End PBXGroup section */

/* Begin PBXNativeTarget section */
		1F5C136B19D72B1E00746670 /* Wearhacks */ = {
			isa = PBXNativeTarget;
			buildConfigurationList = 1F5C139219D72B1F00746670 /* Build configuration list for PBXNativeTarget "Wearhacks" */;
			buildPhases = (
				1F5C139819D72BBE00746670 /* Generate storyboard files */,
				9053678FF3FD10F874A85995 /* Check Pods Manifest.lock */,
				1F5C136819D72B1E00746670 /* Sources */,
				1F5C136919D72B1E00746670 /* Frameworks */,
				1F5C136A19D72B1E00746670 /* Resources */,
				A5B490707003B77D73DC8335 /* Copy Pods Resources */,
			);
			buildRules = (
			);
			dependencies = (
			);
			name = Wearhacks;
			productName = Wearhacks;
			productReference = 1F5C136C19D72B1E00746670 /* Wearhacks.app */;
			productType = "com.apple.product-type.application";
		};
		1F5C138719D72B1F00746670 /* WearhacksTests */ = {
			isa = PBXNativeTarget;
			buildConfigurationList = 1F5C139519D72B1F00746670 /* Build configuration list for PBXNativeTarget "WearhacksTests" */;
			buildPhases = (
				1F5C138419D72B1F00746670 /* Sources */,
				1F5C138519D72B1F00746670 /* Frameworks */,
				1F5C138619D72B1F00746670 /* Resources */,
			);
			buildRules = (
			);
			dependencies = (
				1F5C138A19D72B1F00746670 /* PBXTargetDependency */,
			);
			name = WearhacksTests;
			productName = WearhacksTests;
			productReference = 1F5C138819D72B1F00746670 /* WearhacksTests.xctest */;
			productType = "com.apple.product-type.bundle.unit-test";
		};
/* End PBXNativeTarget section */

/* Begin PBXProject section */
		1F5C136419D72B1E00746670 /* Project object */ = {
			isa = PBXProject;
			attributes = {
				LastUpgradeCheck = 0600;
				ORGANIZATIONNAME = Samsao;
				TargetAttributes = {
					1F5C136B19D72B1E00746670 = {
						CreatedOnToolsVersion = 6.0.1;
						DevelopmentTeam = 8UQUNTB23H;
					};
					1F5C138719D72B1F00746670 = {
						CreatedOnToolsVersion = 6.0.1;
						DevelopmentTeam = 8UQUNTB23H;
						TestTargetID = 1F5C136B19D72B1E00746670;
					};
				};
			};
			buildConfigurationList = 1F5C136719D72B1E00746670 /* Build configuration list for PBXProject "Wearhacks" */;
			compatibilityVersion = "Xcode 3.2";
			developmentRegion = English;
			hasScannedForEncodings = 0;
			knownRegions = (
				en,
				Base,
			);
			mainGroup = 1F5C136319D72B1E00746670;
			productRefGroup = 1F5C136D19D72B1E00746670 /* Products */;
			projectDirPath = "";
			projectRoot = "";
			targets = (
				1F5C136B19D72B1E00746670 /* Wearhacks */,
				1F5C138719D72B1F00746670 /* WearhacksTests */,
			);
		};
/* End PBXProject section */

/* Begin PBXResourcesBuildPhase section */
		1F5C136A19D72B1E00746670 /* Resources */ = {
			isa = PBXResourcesBuildPhase;
			buildActionMask = 2147483647;
			files = (
				1FC0EE9419D87B5300114DEA /* Exercice.storyboard in Resources */,
				1F538D4019D87C4200F03204 /* SSAStartViewController.xib in Resources */,
				1FC0EE9519D87B5300114DEA /* LaunchScreen.xib in Resources */,
				1F5C138019D72B1F00746670 /* Images.xcassets in Resources */,
				1F538D3D19D87C4200F03204 /* SSAReccordViewController.xib in Resources */,
				1F538D3719D87C4200F03204 /* SSAChartViewController.xib in Resources */,
				1F538D3919D87C4200F03204 /* SSAExerciceViewController.xib in Resources */,
				1F538D3B19D87C4200F03204 /* SSAHomeViewController.xib in Resources */,
				1FC0EE9719D87B5300114DEA /* Rehab.storyboard in Resources */,
				1FC0EE9619D87B5300114DEA /* Main.storyboard in Resources */,
				1FC0EE9819D87B5300114DEA /* Schedule.storyboard in Resources */,
			);
			runOnlyForDeploymentPostprocessing = 0;
		};
		1F5C138619D72B1F00746670 /* Resources */ = {
			isa = PBXResourcesBuildPhase;
			buildActionMask = 2147483647;
			files = (
			);
			runOnlyForDeploymentPostprocessing = 0;
		};
/* End PBXResourcesBuildPhase section */

/* Begin PBXShellScriptBuildPhase section */
		1F5C139819D72BBE00746670 /* Generate storyboard files */ = {
			isa = PBXShellScriptBuildPhase;
			buildActionMask = 2147483647;
			files = (
			);
			inputPaths = (
				"$(SRCROOT)/Wearhacks/Base.lproj/Main.storyboard",
				"$(SRCROOT)/Wearhacks/Base.lproj/Schedule.storyboard",
				"$(SRCROOT)/Wearhacks/Base.lproj/Rehab.storyboard",
				"$(SRCROOT)/Wearhacks/Base.lproj/Exercice.storyboard",
			);
			name = "Generate storyboard files";
			outputPaths = (
				"$(PROJECT_DIR)/Wearhacks/StoryboardConstants.h",
				"$(PROJECT_DIR)/Wearhacks/StoryboardConstants.m",
			);
			runOnlyForDeploymentPostprocessing = 0;
			shellPath = /bin/sh;
			shellScript = "python \"${PROJECT_DIR}/scripts/generate_storyboard_constants.py\" \"${SCRIPT_OUTPUT_FILE_0}\" \"${SCRIPT_OUTPUT_FILE_1}\"";
		};
		9053678FF3FD10F874A85995 /* Check Pods Manifest.lock */ = {
			isa = PBXShellScriptBuildPhase;
			buildActionMask = 2147483647;
			files = (
			);
			inputPaths = (
			);
			name = "Check Pods Manifest.lock";
			outputPaths = (
			);
			runOnlyForDeploymentPostprocessing = 0;
			shellPath = /bin/sh;
			shellScript = "diff \"${PODS_ROOT}/../Podfile.lock\" \"${PODS_ROOT}/Manifest.lock\" > /dev/null\nif [[ $? != 0 ]] ; then\n    cat << EOM\nerror: The sandbox is not in sync with the Podfile.lock. Run 'pod install' or update your CocoaPods installation.\nEOM\n    exit 1\nfi\n";
			showEnvVarsInLog = 0;
		};
		A5B490707003B77D73DC8335 /* Copy Pods Resources */ = {
			isa = PBXShellScriptBuildPhase;
			buildActionMask = 2147483647;
			files = (
			);
			inputPaths = (
			);
			name = "Copy Pods Resources";
			outputPaths = (
			);
			runOnlyForDeploymentPostprocessing = 0;
			shellPath = /bin/sh;
			shellScript = "\"${SRCROOT}/Pods/Target Support Files/Pods/Pods-resources.sh\"\n";
			showEnvVarsInLog = 0;
		};
/* End PBXShellScriptBuildPhase section */

/* Begin PBXSourcesBuildPhase section */
		1F5C136819D72B1E00746670 /* Sources */ = {
			isa = PBXSourcesBuildPhase;
			buildActionMask = 2147483647;
			files = (
				1F538D2219D87C4200F03204 /* NSMutableArray+SSAQueueStack.m in Sources */,
				1F538D4319D87C4200F03204 /* DayDetailTableViewController.m in Sources */,
				1F538D4419D87C4200F03204 /* ExerciseDetailViewController.m in Sources */,
				1F5C137819D72B1F00746670 /* Wearhacks.xcdatamodeld in Sources */,
				1F538D3C19D87C4200F03204 /* SSAReccordViewController.m in Sources */,
				1F8FBA1619D76C07001531C2 /* Constants.m in Sources */,
				1F538D2819D87C4200F03204 /* UIImageView+Border.m in Sources */,
				1F538D3519D87C4200F03204 /* LoginViewController.m in Sources */,
				1F538D2319D87C4200F03204 /* UIColor+WearHackColors.m in Sources */,
				1F538D2619D87C4200F03204 /* UIImage+Resize.m in Sources */,
				1F538D2119D87C4200F03204 /* CHCircleGaugeView+Zentice.m in Sources */,
				1F538D2F19D87C4200F03204 /* UIButtonRounded.m in Sources */,
				1F538D2D19D87C4200F03204 /* SSACoordinates.m in Sources */,
				1F538D2419D87C4200F03204 /* UIColor+Zentice.m in Sources */,
				1F538D2C19D87C4200F03204 /* MyoManager.m in Sources */,
				1F538D3A19D87C4200F03204 /* SSAHomeViewController.m in Sources */,
				1F538D2719D87C4200F03204 /* UIImage+RoundedCorner.m in Sources */,
				1F538D3119D87C4200F03204 /* ConnectingMyoModalViewController.m in Sources */,
				1F538D2B19D87C4200F03204 /* WearHacksUtility.m in Sources */,
				1F538D3019D87C4200F03204 /* UIViewRounded.m in Sources */,
				1F538D2E19D87C4200F03204 /* SSAMyoUtils.m in Sources */,
				1F538D4519D87C4200F03204 /* ScheduleTableViewController.m in Sources */,
				1F538D3319D87C4200F03204 /* ExerciseViewController.m in Sources */,
				1F538D2519D87C4200F03204 /* UIImage+Alpha.m in Sources */,
				1F538D2A19D87C4200F03204 /* GaugeAppearanceHelper.m in Sources */,
				1F4D5C7F19D76A60002C40A2 /* StoryboardConstants.m in Sources */,
				1F5C137219D72B1F00746670 /* main.m in Sources */,
				1F538D3E19D87C4200F03204 /* SSAResultViewController.m in Sources */,
				1F538D4119D87C4200F03204 /* ProfileViewController.m in Sources */,
				1F538D3819D87C4200F03204 /* SSAExerciceViewController.m in Sources */,
				1F538D3619D87C4200F03204 /* SSAChartViewController.m in Sources */,
				1F538D3219D87C4200F03204 /* ExerciseDoneOverlayViewController.m in Sources */,
				1F538D3F19D87C4200F03204 /* SSAStartViewController.m in Sources */,
				1F8FBA1919D76C18001531C2 /* AppDelegate.m in Sources */,
				1F538D2919D87C4200F03204 /* UIStoryboard+WearHacks.m in Sources */,
				1F538D3419D87C4200F03204 /* HomeViewController.m in Sources */,
				1F538D4219D87C4200F03204 /* RehabViewController.m in Sources */,
			);
			runOnlyForDeploymentPostprocessing = 0;
		};
		1F5C138419D72B1F00746670 /* Sources */ = {
			isa = PBXSourcesBuildPhase;
			buildActionMask = 2147483647;
			files = (
				1F5C138F19D72B1F00746670 /* WearhacksTests.m in Sources */,
			);
			runOnlyForDeploymentPostprocessing = 0;
		};
/* End PBXSourcesBuildPhase section */

/* Begin PBXTargetDependency section */
		1F5C138A19D72B1F00746670 /* PBXTargetDependency */ = {
			isa = PBXTargetDependency;
			target = 1F5C136B19D72B1E00746670 /* Wearhacks */;
			targetProxy = 1F5C138919D72B1F00746670 /* PBXContainerItemProxy */;
		};
/* End PBXTargetDependency section */

/* Begin PBXVariantGroup section */
		1FC0EE8A19D87B5300114DEA /* Exercice.storyboard */ = {
			isa = PBXVariantGroup;
			children = (
				1FC0EE8B19D87B5300114DEA /* Base */,
			);
			name = Exercice.storyboard;
			sourceTree = "<group>";
		};
		1FC0EE8C19D87B5300114DEA /* LaunchScreen.xib */ = {
			isa = PBXVariantGroup;
			children = (
				1FC0EE8D19D87B5300114DEA /* Base */,
			);
			name = LaunchScreen.xib;
			sourceTree = "<group>";
		};
		1FC0EE8E19D87B5300114DEA /* Main.storyboard */ = {
			isa = PBXVariantGroup;
			children = (
				1FC0EE8F19D87B5300114DEA /* Base */,
			);
			name = Main.storyboard;
			sourceTree = "<group>";
		};
		1FC0EE9019D87B5300114DEA /* Rehab.storyboard */ = {
			isa = PBXVariantGroup;
			children = (
				1FC0EE9119D87B5300114DEA /* Base */,
			);
			name = Rehab.storyboard;
			sourceTree = "<group>";
		};
		1FC0EE9219D87B5300114DEA /* Schedule.storyboard */ = {
			isa = PBXVariantGroup;
			children = (
				1FC0EE9319D87B5300114DEA /* Base */,
			);
			name = Schedule.storyboard;
			sourceTree = "<group>";
		};
/* End PBXVariantGroup section */

/* Begin XCBuildConfiguration section */
		1F5C139019D72B1F00746670 /* Debug */ = {
			isa = XCBuildConfiguration;
			buildSettings = {
				ALWAYS_SEARCH_USER_PATHS = NO;
				CLANG_CXX_LANGUAGE_STANDARD = "gnu++0x";
				CLANG_CXX_LIBRARY = "libc++";
				CLANG_ENABLE_MODULES = YES;
				CLANG_ENABLE_OBJC_ARC = YES;
				CLANG_WARN_BOOL_CONVERSION = YES;
				CLANG_WARN_CONSTANT_CONVERSION = YES;
				CLANG_WARN_DIRECT_OBJC_ISA_USAGE = YES_ERROR;
				CLANG_WARN_EMPTY_BODY = YES;
				CLANG_WARN_ENUM_CONVERSION = YES;
				CLANG_WARN_INT_CONVERSION = YES;
				CLANG_WARN_OBJC_ROOT_CLASS = YES_ERROR;
				CLANG_WARN_UNREACHABLE_CODE = YES;
				CLANG_WARN__DUPLICATE_METHOD_MATCH = YES;
				"CODE_SIGN_IDENTITY[sdk=iphoneos*]" = "iPhone Developer";
				COPY_PHASE_STRIP = NO;
				ENABLE_STRICT_OBJC_MSGSEND = YES;
				GCC_C_LANGUAGE_STANDARD = gnu99;
				GCC_DYNAMIC_NO_PIC = NO;
				GCC_OPTIMIZATION_LEVEL = 0;
				GCC_PREPROCESSOR_DEFINITIONS = (
					"DEBUG=1",
					"$(inherited)",
				);
				GCC_SYMBOLS_PRIVATE_EXTERN = NO;
				GCC_WARN_64_TO_32_BIT_CONVERSION = YES;
				GCC_WARN_ABOUT_RETURN_TYPE = YES_ERROR;
				GCC_WARN_UNDECLARED_SELECTOR = YES;
				GCC_WARN_UNINITIALIZED_AUTOS = YES_AGGRESSIVE;
				GCC_WARN_UNUSED_FUNCTION = YES;
				GCC_WARN_UNUSED_VARIABLE = YES;
				IPHONEOS_DEPLOYMENT_TARGET = 8.0;
				MTL_ENABLE_DEBUG_INFO = YES;
				ONLY_ACTIVE_ARCH = YES;
				PROVISIONING_PROFILE = "756cf358-a569-4c8a-9198-4e00a8cf4ab4";
				SDKROOT = iphoneos;
			};
			name = Debug;
		};
		1F5C139119D72B1F00746670 /* Release */ = {
			isa = XCBuildConfiguration;
			buildSettings = {
				ALWAYS_SEARCH_USER_PATHS = NO;
				CLANG_CXX_LANGUAGE_STANDARD = "gnu++0x";
				CLANG_CXX_LIBRARY = "libc++";
				CLANG_ENABLE_MODULES = YES;
				CLANG_ENABLE_OBJC_ARC = YES;
				CLANG_WARN_BOOL_CONVERSION = YES;
				CLANG_WARN_CONSTANT_CONVERSION = YES;
				CLANG_WARN_DIRECT_OBJC_ISA_USAGE = YES_ERROR;
				CLANG_WARN_EMPTY_BODY = YES;
				CLANG_WARN_ENUM_CONVERSION = YES;
				CLANG_WARN_INT_CONVERSION = YES;
				CLANG_WARN_OBJC_ROOT_CLASS = YES_ERROR;
				CLANG_WARN_UNREACHABLE_CODE = YES;
				CLANG_WARN__DUPLICATE_METHOD_MATCH = YES;
				"CODE_SIGN_IDENTITY[sdk=iphoneos*]" = "iPhone Developer";
				COPY_PHASE_STRIP = YES;
				ENABLE_NS_ASSERTIONS = NO;
				ENABLE_STRICT_OBJC_MSGSEND = YES;
				GCC_C_LANGUAGE_STANDARD = gnu99;
				GCC_WARN_64_TO_32_BIT_CONVERSION = YES;
				GCC_WARN_ABOUT_RETURN_TYPE = YES_ERROR;
				GCC_WARN_UNDECLARED_SELECTOR = YES;
				GCC_WARN_UNINITIALIZED_AUTOS = YES_AGGRESSIVE;
				GCC_WARN_UNUSED_FUNCTION = YES;
				GCC_WARN_UNUSED_VARIABLE = YES;
				IPHONEOS_DEPLOYMENT_TARGET = 8.0;
				MTL_ENABLE_DEBUG_INFO = NO;
				PROVISIONING_PROFILE = "756cf358-a569-4c8a-9198-4e00a8cf4ab4";
				SDKROOT = iphoneos;
				VALIDATE_PRODUCT = YES;
			};
			name = Release;
		};
		1F5C139319D72B1F00746670 /* Debug */ = {
			isa = XCBuildConfiguration;
			baseConfigurationReference = DBC9213B26E4B0D8EA85374C /* Pods.debug.xcconfig */;
			buildSettings = {
				ASSETCATALOG_COMPILER_APPICON_NAME = AppIcon;
				CODE_SIGN_IDENTITY = "iPhone Developer";
				"CODE_SIGN_IDENTITY[sdk=iphoneos*]" = "iPhone Developer";
				FRAMEWORK_SEARCH_PATHS = (
					"$(inherited)",
					"$(PROJECT_DIR)",
				);
				GCC_PREFIX_HEADER = "Wearhacks/WearHacks-Prefix.pch";
				INFOPLIST_FILE = Wearhacks/Info.plist;
				LD_RUNPATH_SEARCH_PATHS = "$(inherited) @executable_path/Frameworks";
				PRODUCT_NAME = "$(TARGET_NAME)";
				PROVISIONING_PROFILE = "";
			};
			name = Debug;
		};
		1F5C139419D72B1F00746670 /* Release */ = {
			isa = XCBuildConfiguration;
			baseConfigurationReference = 0C2D6A8956D61BB8A0C29720 /* Pods.release.xcconfig */;
			buildSettings = {
				ASSETCATALOG_COMPILER_APPICON_NAME = AppIcon;
				CODE_SIGN_IDENTITY = "iPhone Developer";
				"CODE_SIGN_IDENTITY[sdk=iphoneos*]" = "iPhone Developer";
				FRAMEWORK_SEARCH_PATHS = (
					"$(inherited)",
					"$(PROJECT_DIR)",
				);
				GCC_PREFIX_HEADER = "Wearhacks/WearHacks-Prefix.pch";
				INFOPLIST_FILE = Wearhacks/Info.plist;
				LD_RUNPATH_SEARCH_PATHS = "$(inherited) @executable_path/Frameworks";
				PRODUCT_NAME = "$(TARGET_NAME)";
				PROVISIONING_PROFILE = "";
			};
			name = Release;
		};
		1F5C139619D72B1F00746670 /* Debug */ = {
			isa = XCBuildConfiguration;
			buildSettings = {
				BUNDLE_LOADER = "$(TEST_HOST)";
				CODE_SIGN_IDENTITY = "iPhone Developer";
				"CODE_SIGN_IDENTITY[sdk=iphoneos*]" = "iPhone Developer";
				FRAMEWORK_SEARCH_PATHS = (
					"$(SDKROOT)/Developer/Library/Frameworks",
					"$(inherited)",
				);
				GCC_PREPROCESSOR_DEFINITIONS = (
					"DEBUG=1",
					"$(inherited)",
				);
				INFOPLIST_FILE = WearhacksTests/Info.plist;
				LD_RUNPATH_SEARCH_PATHS = "$(inherited) @executable_path/Frameworks @loader_path/Frameworks";
				PRODUCT_NAME = "$(TARGET_NAME)";
				PROVISIONING_PROFILE = "";
				TEST_HOST = "$(BUILT_PRODUCTS_DIR)/Wearhacks.app/Wearhacks";
			};
			name = Debug;
		};
		1F5C139719D72B1F00746670 /* Release */ = {
			isa = XCBuildConfiguration;
			buildSettings = {
				BUNDLE_LOADER = "$(TEST_HOST)";
				CODE_SIGN_IDENTITY = "iPhone Developer";
				"CODE_SIGN_IDENTITY[sdk=iphoneos*]" = "iPhone Developer";
				FRAMEWORK_SEARCH_PATHS = (
					"$(SDKROOT)/Developer/Library/Frameworks",
					"$(inherited)",
				);
				INFOPLIST_FILE = WearhacksTests/Info.plist;
				LD_RUNPATH_SEARCH_PATHS = "$(inherited) @executable_path/Frameworks @loader_path/Frameworks";
				PRODUCT_NAME = "$(TARGET_NAME)";
				PROVISIONING_PROFILE = "";
				TEST_HOST = "$(BUILT_PRODUCTS_DIR)/Wearhacks.app/Wearhacks";
			};
			name = Release;
		};
/* End XCBuildConfiguration section */

/* Begin XCConfigurationList section */
		1F5C136719D72B1E00746670 /* Build configuration list for PBXProject "Wearhacks" */ = {
			isa = XCConfigurationList;
			buildConfigurations = (
				1F5C139019D72B1F00746670 /* Debug */,
				1F5C139119D72B1F00746670 /* Release */,
			);
			defaultConfigurationIsVisible = 0;
			defaultConfigurationName = Release;
		};
		1F5C139219D72B1F00746670 /* Build configuration list for PBXNativeTarget "Wearhacks" */ = {
			isa = XCConfigurationList;
			buildConfigurations = (
				1F5C139319D72B1F00746670 /* Debug */,
				1F5C139419D72B1F00746670 /* Release */,
			);
			defaultConfigurationIsVisible = 0;
			defaultConfigurationName = Release;
		};
		1F5C139519D72B1F00746670 /* Build configuration list for PBXNativeTarget "WearhacksTests" */ = {
			isa = XCConfigurationList;
			buildConfigurations = (
				1F5C139619D72B1F00746670 /* Debug */,
				1F5C139719D72B1F00746670 /* Release */,
			);
			defaultConfigurationIsVisible = 0;
			defaultConfigurationName = Release;
		};
/* End XCConfigurationList section */

/* Begin XCVersionGroup section */
		1F5C137619D72B1F00746670 /* Wearhacks.xcdatamodeld */ = {
			isa = XCVersionGroup;
			children = (
				1F5C137719D72B1F00746670 /* Wearhacks.xcdatamodel */,
			);
			currentVersion = 1F5C137719D72B1F00746670 /* Wearhacks.xcdatamodel */;
			path = Wearhacks.xcdatamodeld;
			sourceTree = "<group>";
			versionGroupType = wrapper.xcdatamodel;
		};
/* End XCVersionGroup section */
	};
	rootObject = 1F5C136419D72B1E00746670 /* Project object */;
}
